// !$*UTF8*$!
{
	archiveVersion = 1;
	classes = {
	};
	objectVersion = 46;
	objects = {

/* Begin PBXBuildFile section */
		22B325411E6E100E003C743B /* TweetDetailViewController.swift in Sources */ = {isa = PBXBuildFile; fileRef = 22B325401E6E100E003C743B /* TweetDetailViewController.swift */; };
		22C1679D1E652B7E00CCB465 /* InfiniteScrollActivityView.swift in Sources */ = {isa = PBXBuildFile; fileRef = 22C1679C1E652B7E00CCB465 /* InfiniteScrollActivityView.swift */; };
		22D2B61F1E647CFD0060678A /* TwitterClient.swift in Sources */ = {isa = PBXBuildFile; fileRef = 22D2B61E1E647CFD0060678A /* TwitterClient.swift */; };
		22D2B6211E6484810060678A /* TweetsViewController.swift in Sources */ = {isa = PBXBuildFile; fileRef = 22D2B6201E6484810060678A /* TweetsViewController.swift */; };
		22D2B6231E6486770060678A /* TwitterCell.swift in Sources */ = {isa = PBXBuildFile; fileRef = 22D2B6221E6486770060678A /* TwitterCell.swift */; };
		22ED0C891E63E7BC00FD451E /* AppDelegate.swift in Sources */ = {isa = PBXBuildFile; fileRef = 22ED0C881E63E7BC00FD451E /* AppDelegate.swift */; };
		22ED0C8B1E63E7BC00FD451E /* LoginViewController.swift in Sources */ = {isa = PBXBuildFile; fileRef = 22ED0C8A1E63E7BC00FD451E /* LoginViewController.swift */; };
		22ED0C8E1E63E7BC00FD451E /* Main.storyboard in Resources */ = {isa = PBXBuildFile; fileRef = 22ED0C8C1E63E7BC00FD451E /* Main.storyboard */; };
		22ED0C901E63E7BC00FD451E /* Assets.xcassets in Resources */ = {isa = PBXBuildFile; fileRef = 22ED0C8F1E63E7BC00FD451E /* Assets.xcassets */; };
		22ED0C931E63E7BC00FD451E /* LaunchScreen.storyboard in Resources */ = {isa = PBXBuildFile; fileRef = 22ED0C911E63E7BC00FD451E /* LaunchScreen.storyboard */; };
		22ED0CA01E63EC4900FD451E /* User.swift in Sources */ = {isa = PBXBuildFile; fileRef = 22ED0C9F1E63EC4900FD451E /* User.swift */; };
		22ED0CA21E63EC5D00FD451E /* Tweet.swift in Sources */ = {isa = PBXBuildFile; fileRef = 22ED0CA11E63EC5D00FD451E /* Tweet.swift */; };
		D902091911DBD625D94E85A5 /* Pods_Twitter.framework in Frameworks */ = {isa = PBXBuildFile; fileRef = 7DD48FFF5D5B5016E6CC1697 /* Pods_Twitter.framework */; };
/* End PBXBuildFile section */

/* Begin PBXFileReference section */
		193AEB83995D9FBA409027FC /* Pods-Twitter.debug.xcconfig */ = {isa = PBXFileReference; includeInIndex = 1; lastKnownFileType = text.xcconfig; name = "Pods-Twitter.debug.xcconfig"; path = "Pods/Target Support Files/Pods-Twitter/Pods-Twitter.debug.xcconfig"; sourceTree = "<group>"; };
		22B325401E6E100E003C743B /* TweetDetailViewController.swift */ = {isa = PBXFileReference; fileEncoding = 4; lastKnownFileType = sourcecode.swift; path = TweetDetailViewController.swift; sourceTree = "<group>"; };
		22C1679C1E652B7E00CCB465 /* InfiniteScrollActivityView.swift */ = {isa = PBXFileReference; fileEncoding = 4; lastKnownFileType = sourcecode.swift; path = InfiniteScrollActivityView.swift; sourceTree = "<group>"; };
		22D2B61E1E647CFD0060678A /* TwitterClient.swift */ = {isa = PBXFileReference; fileEncoding = 4; lastKnownFileType = sourcecode.swift; path = TwitterClient.swift; sourceTree = "<group>"; };
		22D2B6201E6484810060678A /* TweetsViewController.swift */ = {isa = PBXFileReference; fileEncoding = 4; lastKnownFileType = sourcecode.swift; path = TweetsViewController.swift; sourceTree = "<group>"; };
		22D2B6221E6486770060678A /* TwitterCell.swift */ = {isa = PBXFileReference; fileEncoding = 4; lastKnownFileType = sourcecode.swift; path = TwitterCell.swift; sourceTree = "<group>"; };
		22ED0C851E63E7BC00FD451E /* Twitter.app */ = {isa = PBXFileReference; explicitFileType = wrapper.application; includeInIndex = 0; path = Twitter.app; sourceTree = BUILT_PRODUCTS_DIR; };
		22ED0C881E63E7BC00FD451E /* AppDelegate.swift */ = {isa = PBXFileReference; lastKnownFileType = sourcecode.swift; path = AppDelegate.swift; sourceTree = "<group>"; };
		22ED0C8A1E63E7BC00FD451E /* LoginViewController.swift */ = {isa = PBXFileReference; lastKnownFileType = sourcecode.swift; path = LoginViewController.swift; sourceTree = "<group>"; };
		22ED0C8D1E63E7BC00FD451E /* Base */ = {isa = PBXFileReference; lastKnownFileType = file.storyboard; name = Base; path = Base.lproj/Main.storyboard; sourceTree = "<group>"; };
		22ED0C8F1E63E7BC00FD451E /* Assets.xcassets */ = {isa = PBXFileReference; lastKnownFileType = folder.assetcatalog; path = Assets.xcassets; sourceTree = "<group>"; };
		22ED0C921E63E7BC00FD451E /* Base */ = {isa = PBXFileReference; lastKnownFileType = file.storyboard; name = Base; path = Base.lproj/LaunchScreen.storyboard; sourceTree = "<group>"; };
		22ED0C941E63E7BC00FD451E /* Info.plist */ = {isa = PBXFileReference; lastKnownFileType = text.plist.xml; path = Info.plist; sourceTree = "<group>"; };
		22ED0C9F1E63EC4900FD451E /* User.swift */ = {isa = PBXFileReference; fileEncoding = 4; lastKnownFileType = sourcecode.swift; path = User.swift; sourceTree = "<group>"; };
		22ED0CA11E63EC5D00FD451E /* Tweet.swift */ = {isa = PBXFileReference; fileEncoding = 4; lastKnownFileType = sourcecode.swift; path = Tweet.swift; sourceTree = "<group>"; };
		7DD48FFF5D5B5016E6CC1697 /* Pods_Twitter.framework */ = {isa = PBXFileReference; explicitFileType = wrapper.framework; includeInIndex = 0; path = Pods_Twitter.framework; sourceTree = BUILT_PRODUCTS_DIR; };
		FD1EB65DCBC36F72A89DF209 /* Pods-Twitter.release.xcconfig */ = {isa = PBXFileReference; includeInIndex = 1; lastKnownFileType = text.xcconfig; name = "Pods-Twitter.release.xcconfig"; path = "Pods/Target Support Files/Pods-Twitter/Pods-Twitter.release.xcconfig"; sourceTree = "<group>"; };
/* End PBXFileReference section */

/* Begin PBXFrameworksBuildPhase section */
		22ED0C821E63E7BC00FD451E /* Frameworks */ = {
			isa = PBXFrameworksBuildPhase;
			buildActionMask = 2147483647;
			files = (
				D902091911DBD625D94E85A5 /* Pods_Twitter.framework in Frameworks */,
			);
			runOnlyForDeploymentPostprocessing = 0;
		};
/* End PBXFrameworksBuildPhase section */

/* Begin PBXGroup section */
		22ED0C7C1E63E7BB00FD451E = {
			isa = PBXGroup;
			children = (
				22ED0C871E63E7BC00FD451E /* Twitter */,
				22ED0C861E63E7BC00FD451E /* Products */,
				D5C5A96906CA20E024B60E2E /* Pods */,
				8374355A787AB3C01A906436 /* Frameworks */,
			);
			sourceTree = "<group>";
		};
		22ED0C861E63E7BC00FD451E /* Products */ = {
			isa = PBXGroup;
			children = (
				22ED0C851E63E7BC00FD451E /* Twitter.app */,
			);
			name = Products;
			sourceTree = "<group>";
		};
		22ED0C871E63E7BC00FD451E /* Twitter */ = {
			isa = PBXGroup;
			children = (
				22ED0C9C1E63EC0200FD451E /* API */,
				22ED0C9B1E63EBFC00FD451E /* View Controllers */,
				22ED0C9A1E63EBF400FD451E /* Models */,
				22ED0C881E63E7BC00FD451E /* AppDelegate.swift */,
				22D2B6221E6486770060678A /* TwitterCell.swift */,
				22ED0C8C1E63E7BC00FD451E /* Main.storyboard */,
				22C1679C1E652B7E00CCB465 /* InfiniteScrollActivityView.swift */,
				22ED0C8F1E63E7BC00FD451E /* Assets.xcassets */,
				22ED0C911E63E7BC00FD451E /* LaunchScreen.storyboard */,
				22ED0C941E63E7BC00FD451E /* Info.plist */,
			);
			path = Twitter;
			sourceTree = "<group>";
		};
		22ED0C9A1E63EBF400FD451E /* Models */ = {
			isa = PBXGroup;
			children = (
				22ED0CA11E63EC5D00FD451E /* Tweet.swift */,
				22ED0C9F1E63EC4900FD451E /* User.swift */,
			);
			name = Models;
			sourceTree = "<group>";
		};
		22ED0C9B1E63EBFC00FD451E /* View Controllers */ = {
			isa = PBXGroup;
			children = (
				22ED0C8A1E63E7BC00FD451E /* LoginViewController.swift */,
				22D2B6201E6484810060678A /* TweetsViewController.swift */,
				22B325401E6E100E003C743B /* TweetDetailViewController.swift */,
			);
			name = "View Controllers";
			sourceTree = "<group>";
		};
		22ED0C9C1E63EC0200FD451E /* API */ = {
			isa = PBXGroup;
			children = (
				22D2B61E1E647CFD0060678A /* TwitterClient.swift */,
			);
			name = API;
			sourceTree = "<group>";
		};
		8374355A787AB3C01A906436 /* Frameworks */ = {
			isa = PBXGroup;
			children = (
				7DD48FFF5D5B5016E6CC1697 /* Pods_Twitter.framework */,
			);
			name = Frameworks;
			sourceTree = "<group>";
		};
		D5C5A96906CA20E024B60E2E /* Pods */ = {
			isa = PBXGroup;
			children = (
				193AEB83995D9FBA409027FC /* Pods-Twitter.debug.xcconfig */,
				FD1EB65DCBC36F72A89DF209 /* Pods-Twitter.release.xcconfig */,
			);
			name = Pods;
			sourceTree = "<group>";
		};
/* End PBXGroup section */

/* Begin PBXNativeTarget section */
		22ED0C841E63E7BC00FD451E /* Twitter */ = {
			isa = PBXNativeTarget;
			buildConfigurationList = 22ED0C971E63E7BC00FD451E /* Build configuration list for PBXNativeTarget "Twitter" */;
			buildPhases = (
				76D5FC7D16B92FDC534D5237 /* [CP] Check Pods Manifest.lock */,
				22ED0C811E63E7BC00FD451E /* Sources */,
				22ED0C821E63E7BC00FD451E /* Frameworks */,
				22ED0C831E63E7BC00FD451E /* Resources */,
				BDB06B84D611D6E345697447 /* [CP] Embed Pods Frameworks */,
				48B062FD89F730A668A4C75C /* [CP] Copy Pods Resources */,
			);
			buildRules = (
			);
			dependencies = (
			);
			name = Twitter;
			productName = Twitter;
			productReference = 22ED0C851E63E7BC00FD451E /* Twitter.app */;
			productType = "com.apple.product-type.application";
		};
/* End PBXNativeTarget section */

/* Begin PBXProject section */
		22ED0C7D1E63E7BB00FD451E /* Project object */ = {
			isa = PBXProject;
			attributes = {
				LastSwiftUpdateCheck = 0800;
				LastUpgradeCheck = 0800;
				ORGANIZATIONNAME = "Tim Kim";
				TargetAttributes = {
					22ED0C841E63E7BC00FD451E = {
						CreatedOnToolsVersion = 8.0;
						DevelopmentTeam = 34BQVT9YGC;
						ProvisioningStyle = Automatic;
					};
				};
			};
			buildConfigurationList = 22ED0C801E63E7BB00FD451E /* Build configuration list for PBXProject "Twitter" */;
			compatibilityVersion = "Xcode 3.2";
			developmentRegion = English;
			hasScannedForEncodings = 0;
			knownRegions = (
				en,
				Base,
			);
			mainGroup = 22ED0C7C1E63E7BB00FD451E;
			productRefGroup = 22ED0C861E63E7BC00FD451E /* Products */;
			projectDirPath = "";
			projectRoot = "";
			targets = (
				22ED0C841E63E7BC00FD451E /* Twitter */,
			);
		};
/* End PBXProject section */

/* Begin PBXResourcesBuildPhase section */
		22ED0C831E63E7BC00FD451E /* Resources */ = {
			isa = PBXResourcesBuildPhase;
			buildActionMask = 2147483647;
			files = (
				22ED0C931E63E7BC00FD451E /* LaunchScreen.storyboard in Resources */,
				22ED0C901E63E7BC00FD451E /* Assets.xcassets in Resources */,
				22ED0C8E1E63E7BC00FD451E /* Main.storyboard in Resources */,
			);
			runOnlyForDeploymentPostprocessing = 0;
		};
/* End PBXResourcesBuildPhase section */

/* Begin PBXShellScriptBuildPhase section */
		48B062FD89F730A668A4C75C /* [CP] Copy Pods Resources */ = {
			isa = PBXShellScriptBuildPhase;
			buildActionMask = 2147483647;
			files = (
			);
			inputPaths = (
			);
			name = "[CP] Copy Pods Resources";
			outputPaths = (
			);
			runOnlyForDeploymentPostprocessing = 0;
			shellPath = /bin/sh;
			shellScript = "\"${SRCROOT}/Pods/Target Support Files/Pods-Twitter/Pods-Twitter-resources.sh\"\n";
			showEnvVarsInLog = 0;
		};
		76D5FC7D16B92FDC534D5237 /* [CP] Check Pods Manifest.lock */ = {
			isa = PBXShellScriptBuildPhase;
			buildActionMask = 2147483647;
			files = (
			);
			inputPaths = (
			);
			name = "[CP] Check Pods Manifest.lock";
			outputPaths = (
			);
			runOnlyForDeploymentPostprocessing = 0;
			shellPath = /bin/sh;
			shellScript = "diff \"${PODS_ROOT}/../Podfile.lock\" \"${PODS_ROOT}/Manifest.lock\" > /dev/null\nif [ $? != 0 ] ; then\n    # print error to STDERR\n    echo \"error: The sandbox is not in sync with the Podfile.lock. Run 'pod install' or update your CocoaPods installation.\" >&2\n    exit 1\nfi\n";
			showEnvVarsInLog = 0;
		};
		BDB06B84D611D6E345697447 /* [CP] Embed Pods Frameworks */ = {
			isa = PBXShellScriptBuildPhase;
			buildActionMask = 2147483647;
			files = (
			);
			inputPaths = (
			);
			name = "[CP] Embed Pods Frameworks";
			outputPaths = (
			);
			runOnlyForDeploymentPostprocessing = 0;
			shellPath = /bin/sh;
			shellScript = "\"${SRCROOT}/Pods/Target Support Files/Pods-Twitter/Pods-Twitter-frameworks.sh\"\n";
			showEnvVarsInLog = 0;
		};
/* End PBXShellScriptBuildPhase section */

/* Begin PBXSourcesBuildPhase section */
		22ED0C811E63E7BC00FD451E /* Sources */ = {
			isa = PBXSourcesBuildPhase;
			buildActionMask = 2147483647;
			files = (
				22C1679D1E652B7E00CCB465 /* InfiniteScrollActivityView.swift in Sources */,
				22D2B61F1E647CFD0060678A /* TwitterClient.swift in Sources */,
				22B325411E6E100E003C743B /* TweetDetailViewController.swift in Sources */,
				22ED0C8B1E63E7BC00FD451E /* LoginViewController.swift in Sources */,
				22D2B6211E6484810060678A /* TweetsViewController.swift in Sources */,
				22ED0C891E63E7BC00FD451E /* AppDelegate.swift in Sources */,
				22ED0CA01E63EC4900FD451E /* User.swift in Sources */,
				22D2B6231E6486770060678A /* TwitterCell.swift in Sources */,
				22ED0CA21E63EC5D00FD451E /* Tweet.swift in Sources */,
			);
			runOnlyForDeploymentPostprocessing = 0;
		};
/* End PBXSourcesBuildPhase section */

/* Begin PBXVariantGroup section */
		22ED0C8C1E63E7BC00FD451E /* Main.storyboard */ = {
			isa = PBXVariantGroup;
			children = (
				22ED0C8D1E63E7BC00FD451E /* Base */,
			);
			name = Main.storyboard;
			sourceTree = "<group>";
		};
		22ED0C911E63E7BC00FD451E /* LaunchScreen.storyboard */ = {
			isa = PBXVariantGroup;
			children = (
				22ED0C921E63E7BC00FD451E /* Base */,
			);
			name = LaunchScreen.storyboard;
			sourceTree = "<group>";
		};
/* End PBXVariantGroup section */

/* Begin XCBuildConfiguration section */
		22ED0C951E63E7BC00FD451E /* Debug */ = {
			isa = XCBuildConfiguration;
			buildSettings = {
				ALWAYS_SEARCH_USER_PATHS = NO;
				CLANG_ANALYZER_NONNULL = YES;
				CLANG_CXX_LANGUAGE_STANDARD = "gnu++0x";
				CLANG_CXX_LIBRARY = "libc++";
				CLANG_ENABLE_MODULES = YES;
				CLANG_ENABLE_OBJC_ARC = YES;
				CLANG_WARN_BOOL_CONVERSION = YES;
				CLANG_WARN_CONSTANT_CONVERSION = YES;
				CLANG_WARN_DIRECT_OBJC_ISA_USAGE = YES_ERROR;
				CLANG_WARN_DOCUMENTATION_COMMENTS = YES;
				CLANG_WARN_EMPTY_BODY = YES;
				CLANG_WARN_ENUM_CONVERSION = YES;
				CLANG_WARN_INFINITE_RECURSION = YES;
				CLANG_WARN_INT_CONVERSION = YES;
				CLANG_WARN_OBJC_ROOT_CLASS = YES_ERROR;
				CLANG_WARN_SUSPICIOUS_MOVE = YES;
				CLANG_WARN_SUSPICIOUS_MOVES = YES;
				CLANG_WARN_UNREACHABLE_CODE = YES;
				CLANG_WARN__DUPLICATE_METHOD_MATCH = YES;
				"CODE_SIGN_IDENTITY[sdk=iphoneos*]" = "iPhone Developer";
				COPY_PHASE_STRIP = NO;
				DEBUG_INFORMATION_FORMAT = dwarf;
				ENABLE_STRICT_OBJC_MSGSEND = YES;
				ENABLE_TESTABILITY = YES;
				GCC_C_LANGUAGE_STANDARD = gnu99;
				GCC_DYNAMIC_NO_PIC = NO;
				GCC_NO_COMMON_BLOCKS = YES;
				GCC_OPTIMIZATION_LEVEL = 0;
				GCC_PREPROCESSOR_DEFINITIONS = (
					"DEBUG=1",
					"$(inherited)",
				);
				GCC_WARN_64_TO_32_BIT_CONVERSION = YES;
				GCC_WARN_ABOUT_RETURN_TYPE = YES_ERROR;
				GCC_WARN_UNDECLARED_SELECTOR = YES;
				GCC_WARN_UNINITIALIZED_AUTOS = YES_AGGRESSIVE;
				GCC_WARN_UNUSED_FUNCTION = YES;
				GCC_WARN_UNUSED_VARIABLE = YES;
				IPHONEOS_DEPLOYMENT_TARGET = 10.0;
				MTL_ENABLE_DEBUG_INFO = YES;
				ONLY_ACTIVE_ARCH = YES;
				SDKROOT = iphoneos;
				SWIFT_ACTIVE_COMPILATION_CONDITIONS = DEBUG;
				SWIFT_OPTIMIZATION_LEVEL = "-Onone";
			};
			name = Debug;
		};
		22ED0C961E63E7BC00FD451E /* Release */ = {
			isa = XCBuildConfiguration;
			buildSettings = {
				ALWAYS_SEARCH_USER_PATHS = NO;
				CLANG_ANALYZER_NONNULL = YES;
				CLANG_CXX_LANGUAGE_STANDARD = "gnu++0x";
				CLANG_CXX_LIBRARY = "libc++";
				CLANG_ENABLE_MODULES = YES;
				CLANG_ENABLE_OBJC_ARC = YES;
				CLANG_WARN_BOOL_CONVERSION = YES;
				CLANG_WARN_CONSTANT_CONVERSION = YES;
				CLANG_WARN_DIRECT_OBJC_ISA_USAGE = YES_ERROR;
				CLANG_WARN_DOCUMENTATION_COMMENTS = YES;
				CLANG_WARN_EMPTY_BODY = YES;
				CLANG_WARN_ENUM_CONVERSION = YES;
				CLANG_WARN_INFINITE_RECURSION = YES;
				CLANG_WARN_INT_CONVERSION = YES;
				CLANG_WARN_OBJC_ROOT_CLASS = YES_ERROR;
				CLANG_WARN_SUSPICIOUS_MOVE = YES;
				CLANG_WARN_SUSPICIOUS_MOVES = YES;
				CLANG_WARN_UNREACHABLE_CODE = YES;
				CLANG_WARN__DUPLICATE_METHOD_MATCH = YES;
				"CODE_SIGN_IDENTITY[sdk=iphoneos*]" = "iPhone Developer";
				COPY_PHASE_STRIP = NO;
				DEBUG_INFORMATION_FORMAT = "dwarf-with-dsym";
				ENABLE_NS_ASSERTIONS = NO;
				ENABLE_STRICT_OBJC_MSGSEND = YES;
				GCC_C_LANGUAGE_STANDARD = gnu99;
				GCC_NO_COMMON_BLOCKS = YES;
				GCC_WARN_64_TO_32_BIT_CONVERSION = YES;
				GCC_WARN_ABOUT_RETURN_TYPE = YES_ERROR;
				GCC_WARN_UNDECLARED_SELECTOR = YES;
				GCC_WARN_UNINITIALIZED_AUTOS = YES_AGGRESSIVE;
				GCC_WARN_UNUSED_FUNCTION = YES;
				GCC_WARN_UNUSED_VARIABLE = YES;
				IPHONEOS_DEPLOYMENT_TARGET = 10.0;
				MTL_ENABLE_DEBUG_INFO = NO;
				SDKROOT = iphoneos;
				SWIFT_OPTIMIZATION_LEVEL = "-Owholemodule";
				VALIDATE_PRODUCT = YES;
			};
			name = Release;
		};
		22ED0C981E63E7BC00FD451E /* Debug */ = {
			isa = XCBuildConfiguration;
			baseConfigurationReference = 193AEB83995D9FBA409027FC /* Pods-Twitter.debug.xcconfig */;
			buildSettings = {
				ASSETCATALOG_COMPILER_APPICON_NAME = AppIcon;
				DEVELOPMENT_TEAM = 34BQVT9YGC;
				INFOPLIST_FILE = Twitter/Info.plist;
				LD_RUNPATH_SEARCH_PATHS = "$(inherited) @executable_path/Frameworks";
				PRODUCT_BUNDLE_IDENTIFIER = com.example.TwitterTim;
				PRODUCT_NAME = "$(TARGET_NAME)";
				SWIFT_VERSION = 3.0;
			};
			name = Debug;
		};
		22ED0C991E63E7BC00FD451E /* Release */ = {
			isa = XCBuildConfiguration;
			baseConfigurationReference = FD1EB65DCBC36F72A89DF209 /* Pods-Twitter.release.xcconfig */;
			buildSettings = {
				ASSETCATALOG_COMPILER_APPICON_NAME = AppIcon;
				DEVELOPMENT_TEAM = 34BQVT9YGC;
				INFOPLIST_FILE = Twitter/Info.plist;
				LD_RUNPATH_SEARCH_PATHS = "$(inherited) @executable_path/Frameworks";
				PRODUCT_BUNDLE_IDENTIFIER = com.example.TwitterTim;
				PRODUCT_NAME = "$(TARGET_NAME)";
				SWIFT_VERSION = 3.0;
			};
			name = Release;
		};
/* End XCBuildConfiguration section */

/* Begin XCConfigurationList section */
		22ED0C801E63E7BB00FD451E /* Build configuration list for PBXProject "Twitter" */ = {
			isa = XCConfigurationList;
			buildConfigurations = (
				22ED0C951E63E7BC00FD451E /* Debug */,
				22ED0C961E63E7BC00FD451E /* Release */,
			);
			defaultConfigurationIsVisible = 0;
			defaultConfigurationName = Release;
		};
		22ED0C971E63E7BC00FD451E /* Build configuration list for PBXNativeTarget "Twitter" */ = {
			isa = XCConfigurationList;
			buildConfigurations = (
				22ED0C981E63E7BC00FD451E /* Debug */,
				22ED0C991E63E7BC00FD451E /* Release */,
			);
			defaultConfigurationIsVisible = 0;
			defaultConfigurationName = Release;
		};
/* End XCConfigurationList section */
	};
	rootObject = 22ED0C7D1E63E7BB00FD451E /* Project object */;
}
